
Microsoft Visual Studio Solution File, Format Version 12.00
# Visual Studio Version 17
VisualStudioVersion = 17.14.36603.0 d17.14
MinimumVisualStudioVersion = 10.0.40219.1
Project("{FAE04EC0-301F-11D3-BF4B-00C04F79EFBC}") = "Proyecto_compras", "Proyecto_compras\Proyecto_compras.csproj", "{0C15AEA3-4389-402E-A256-06BC963E7BD0}"
EndProject
Global
	GlobalSection(SolutionConfigurationPlatforms) = preSolution
		Debug|Any CPU = Debug|Any CPU
		Release|Any CPU = Release|Any CPU
	EndGlobalSection
	GlobalSection(ProjectConfigurationPlatforms) = postSolution
		{0C15AEA3-4389-402E-A256-06BC963E7BD0}.Debug|Any CPU.ActiveCfg = Debug|Any CPU
		{0C15AEA3-4389-402E-A256-06BC963E7BD0}.Debug|Any CPU.Build.0 = Debug|Any CPU
		{0C15AEA3-4389-402E-A256-06BC963E7BD0}.Release|Any CPU.ActiveCfg = Release|Any CPU
		{0C15AEA3-4389-402E-A256-06BC963E7BD0}.Release|Any CPU.Build.0 = Release|Any CPU
	EndGlobalSection
	GlobalSection(SolutionProperties) = preSolution
		HideSolutionNode = FALSE
	EndGlobalSection
	GlobalSection(ExtensibilityGlobals) = postSolution
		SolutionGuid = {7DBAE406-D749-40BD-87F4-70E25D58BA2B}
	EndGlobalSection
EndGlobal
